
Microsoft Visual Studio Solution File, Format Version 12.00
# Visual Studio Version 16
VisualStudioVersion = 16.0.31321.278
MinimumVisualStudioVersion = 10.0.40219.1
Project("{FAE04EC0-301F-11D3-BF4B-00C04F79EFBC}") = "SobreCargaOperadores-G3-2022-II", "SobreCargaOperadores-G3-2022-II.csproj", "{B9490695-D1FC-46F8-BD88-B93C3ACFED97}"
EndProject
Global
	GlobalSection(SolutionConfigurationPlatforms) = preSolution
		Debug|Any CPU = Debug|Any CPU
		Release|Any CPU = Release|Any CPU
	EndGlobalSection
	GlobalSection(ProjectConfigurationPlatforms) = postSolution
		{B9490695-D1FC-46F8-BD88-B93C3ACFED97}.Debug|Any CPU.ActiveCfg = Debug|Any CPU
		{B9490695-D1FC-46F8-BD88-B93C3ACFED97}.Debug|Any CPU.Build.0 = Debug|Any CPU
		{B9490695-D1FC-46F8-BD88-B93C3ACFED97}.Release|Any CPU.ActiveCfg = Release|Any CPU
		{B9490695-D1FC-46F8-BD88-B93C3ACFED97}.Release|Any CPU.Build.0 = Release|Any CPU
	EndGlobalSection
	GlobalSection(SolutionProperties) = preSolution
		HideSolutionNode = FALSE
	EndGlobalSection
	GlobalSection(ExtensibilityGlobals) = postSolution
		SolutionGuid = {83FE8E8A-360D-4E7F-B842-13F16D3B24BB}
	EndGlobalSection
EndGlobal
